
Microsoft Visual Studio Solution File, Format Version 12.00
Project("{FAE04EC0-301F-11D3-BF4B-00C04F79EFBC}") = "PaymentGateway.Domain", "src\PaymentGateway.Domain\PaymentGateway.Domain.csproj", "{997F1C6F-37F6-4C18-BC0D-4EE2904AA4F7}"
EndProject
Project("{FAE04EC0-301F-11D3-BF4B-00C04F79EFBC}") = "PaymentGateway.Application", "src\PaymentGateway.Application\PaymentGateway.Application.csproj", "{AB4B1935-9DCF-4E02-A626-F495344195B8}"
EndProject
Project("{FAE04EC0-301F-11D3-BF4B-00C04F79EFBC}") = "PaymentGateway.Infrastructure", "src\PaymentGateway.Infrastructure\PaymentGateway.Infrastructure.csproj", "{C03FE922-5D92-405C-8861-83FCD926C400}"
EndProject
Global
	GlobalSection(SolutionConfigurationPlatforms) = preSolution
		Debug|Any CPU = Debug|Any CPU
		Release|Any CPU = Release|Any CPU
	EndGlobalSection
	GlobalSection(ProjectConfigurationPlatforms) = postSolution
		{997F1C6F-37F6-4C18-BC0D-4EE2904AA4F7}.Debug|Any CPU.ActiveCfg = Debug|Any CPU
		{997F1C6F-37F6-4C18-BC0D-4EE2904AA4F7}.Debug|Any CPU.Build.0 = Debug|Any CPU
		{997F1C6F-37F6-4C18-BC0D-4EE2904AA4F7}.Release|Any CPU.ActiveCfg = Release|Any CPU
		{997F1C6F-37F6-4C18-BC0D-4EE2904AA4F7}.Release|Any CPU.Build.0 = Release|Any CPU
		{AB4B1935-9DCF-4E02-A626-F495344195B8}.Debug|Any CPU.ActiveCfg = Debug|Any CPU
		{AB4B1935-9DCF-4E02-A626-F495344195B8}.Debug|Any CPU.Build.0 = Debug|Any CPU
		{AB4B1935-9DCF-4E02-A626-F495344195B8}.Release|Any CPU.ActiveCfg = Release|Any CPU
		{AB4B1935-9DCF-4E02-A626-F495344195B8}.Release|Any CPU.Build.0 = Release|Any CPU
		{C03FE922-5D92-405C-8861-83FCD926C400}.Debug|Any CPU.ActiveCfg = Debug|Any CPU
		{C03FE922-5D92-405C-8861-83FCD926C400}.Debug|Any CPU.Build.0 = Debug|Any CPU
		{C03FE922-5D92-405C-8861-83FCD926C400}.Release|Any CPU.ActiveCfg = Release|Any CPU
		{C03FE922-5D92-405C-8861-83FCD926C400}.Release|Any CPU.Build.0 = Release|Any CPU
	EndGlobalSection
EndGlobal
